{
  "version": 4,
  "terraform_version": "1.5.7",
  "serial": 31,
  "lineage": "9cada877-6b80-f14d-d8d2-3cd9f660fbf6",
  "outputs": {
    "function_name": {
      "value": "cloudshield-detector",
      "type": "string"
    },
    "log_sink": {
      "value": "cloudshield-threat-sink",
      "type": "string"
    },
    "pubsub_topic": {
      "value": "cloudshield-alerts-topic",
      "type": "string"
    }
  },
  "resources": [
    {
      "mode": "managed",
      "type": "google_cloudfunctions_function",
      "name": "detector_function",
      "provider": "provider[\"registry.terraform.io/hashicorp/google\"]",
      "instances": [
        {
          "schema_version": 0,
          "attributes": {
            "available_memory_mb": 256,
            "build_environment_variables": null,
            "build_service_account": "projects/infra-sentinel/serviceAccounts/760628891605-compute@developer.gserviceaccount.com",
            "build_worker_pool": "",
            "description": "",
            "docker_registry": "ARTIFACT_REGISTRY",
            "docker_repository": "",
            "effective_labels": {},
            "entry_point": "main",
            "environment_variables": null,
            "event_trigger": [
              {
                "event_type": "google.pubsub.topic.publish",
                "failure_policy": [
                  {
                    "retry": false
                  }
                ],
                "resource": "projects/infra-sentinel/topics/cloudshield-alerts-topic"
              }
            ],
            "https_trigger_security_level": null,
            "https_trigger_url": null,
            "id": "projects/infra-sentinel/locations/us-central1/functions/cloudshield-detector",
            "ingress_settings": "ALLOW_ALL",
            "kms_key_name": "",
            "labels": null,
            "max_instances": 3000,
            "min_instances": 0,
            "name": "cloudshield-detector",
            "project": "infra-sentinel",
            "region": "us-central1",
            "runtime": "python310",
            "secret_environment_variables": [],
            "secret_volumes": [],
            "service_account_email": "infra-sentinel@appspot.gserviceaccount.com",
            "source_archive_bucket": "infra-sentinel-cloudshield-function",
            "source_archive_object": "function.zip",
            "source_repository": [],
            "status": "ACTIVE",
            "terraform_labels": {},
            "timeout": 60,
            "timeouts": null,
            "trigger_http": null,
            "version_id": "1",
            "vpc_connector": "",
            "vpc_connector_egress_settings": ""
          },
          "sensitive_attributes": [],
          "private": "eyJlMmJmYjczMC1lY2FhLTExZTYtOGY4OC0zNDM2M2JjN2M0YzAiOnsiY3JlYXRlIjozMDAwMDAwMDAwMDAsImRlbGV0ZSI6MzAwMDAwMDAwMDAwLCJyZWFkIjozMDAwMDAwMDAwMDAsInVwZGF0ZSI6MzAwMDAwMDAwMDAwfX0=",
          "dependencies": [
            "google_pubsub_topic.alerts",
            "google_storage_bucket.function_source"
          ]
        }
      ]
    },
    {
      "mode": "managed",
      "type": "google_logging_project_sink",
      "name": "threat_sink",
      "provider": "provider[\"registry.terraform.io/hashicorp/google\"]",
      "instances": [
        {
          "schema_version": 0,
          "attributes": {
            "bigquery_options": [],
            "custom_writer_identity": null,
            "description": "",
            "destination": "pubsub.googleapis.com/projects/infra-sentinel/topics/cloudshield-alerts-topic",
            "disabled": false,
            "exclusions": [],
            "filter": "protoPayload.methodName=\"SetIamPolicy\" OR protoPayload.methodName=\"google.iam.admin.v1.CreateServiceAccountKey\"",
            "id": "projects/infra-sentinel/sinks/cloudshield-threat-sink",
            "name": "cloudshield-threat-sink",
            "project": "infra-sentinel",
            "unique_writer_identity": true,
            "writer_identity": "serviceAccount:service-760628891605@gcp-sa-logging.iam.gserviceaccount.com"
          },
          "sensitive_attributes": [],
          "private": "bnVsbA==",
          "dependencies": [
            "google_pubsub_topic.alerts"
          ]
        }
      ]
    },
    {
      "mode": "managed",
      "type": "google_project_iam_member",
      "name": "function_logging",
      "provider": "provider[\"registry.terraform.io/hashicorp/google\"]",
      "instances": [
        {
          "schema_version": 0,
          "attributes": {
            "condition": [],
            "etag": "BwY44Sh3WA0=",
            "id": "infra-sentinel/roles/logging.viewer/serviceAccount:infra-sentinel@appspot.gserviceaccount.com",
            "member": "serviceAccount:infra-sentinel@appspot.gserviceaccount.com",
            "project": "infra-sentinel",
            "role": "roles/logging.viewer"
          },
          "sensitive_attributes": [],
          "private": "bnVsbA==",
          "dependencies": [
            "google_cloudfunctions_function.detector_function",
            "google_pubsub_topic.alerts",
            "google_storage_bucket.function_source"
          ]
        }
      ]
    },
    {
      "mode": "managed",
      "type": "google_pubsub_topic",
      "name": "alerts",
      "provider": "provider[\"registry.terraform.io/hashicorp/google\"]",
      "instances": [
        {
          "schema_version": 0,
          "attributes": {
            "effective_labels": {},
            "id": "projects/infra-sentinel/topics/cloudshield-alerts-topic",
            "ingestion_data_source_settings": [],
            "kms_key_name": "",
            "labels": {},
            "message_retention_duration": "",
            "message_storage_policy": [],
            "name": "cloudshield-alerts-topic",
            "project": "infra-sentinel",
            "schema_settings": [],
            "terraform_labels": {},
            "timeouts": null
          },
          "sensitive_attributes": [],
          "private": "eyJlMmJmYjczMC1lY2FhLTExZTYtOGY4OC0zNDM2M2JjN2M0YzAiOnsiY3JlYXRlIjoxMjAwMDAwMDAwMDAwLCJkZWxldGUiOjEyMDAwMDAwMDAwMDAsInVwZGF0ZSI6MTIwMDAwMDAwMDAwMH19"
        }
      ]
    },
    {
      "mode": "managed",
      "type": "google_pubsub_topic_iam_member",
      "name": "sink_writer",
      "provider": "provider[\"registry.terraform.io/hashicorp/google\"]",
      "instances": [
        {
          "schema_version": 0,
          "attributes": {
            "condition": [],
            "etag": "BwY44GBtSJc=",
            "id": "projects/infra-sentinel/topics/cloudshield-alerts-topic/roles/pubsub.publisher/serviceAccount:service-760628891605@gcp-sa-logging.iam.gserviceaccount.com",
            "member": "serviceAccount:service-760628891605@gcp-sa-logging.iam.gserviceaccount.com",
            "project": "infra-sentinel",
            "role": "roles/pubsub.publisher",
            "topic": "projects/infra-sentinel/topics/cloudshield-alerts-topic"
          },
          "sensitive_attributes": [],
          "private": "bnVsbA==",
          "dependencies": [
            "google_logging_project_sink.threat_sink",
            "google_pubsub_topic.alerts"
          ]
        }
      ]
    },
    {
      "mode": "managed",
      "type": "google_storage_bucket",
      "name": "function_source",
      "provider": "provider[\"registry.terraform.io/hashicorp/google\"]",
      "instances": [
        {
          "schema_version": 2,
          "attributes": {
            "autoclass": [],
            "cors": [],
            "custom_placement_config": [],
            "default_event_based_hold": false,
            "effective_labels": {},
            "enable_object_retention": false,
            "encryption": [],
            "force_destroy": true,
            "id": "infra-sentinel-cloudshield-function",
            "labels": {},
            "lifecycle_rule": [],
            "location": "US-CENTRAL1",
            "logging": [],
            "name": "infra-sentinel-cloudshield-function",
            "project": "infra-sentinel",
            "project_number": 760628891605,
            "public_access_prevention": "inherited",
            "requester_pays": false,
            "retention_policy": [],
            "rpo": null,
            "self_link": "https://www.googleapis.com/storage/v1/b/infra-sentinel-cloudshield-function",
            "soft_delete_policy": [
              {
                "effective_time": "2025-07-01T16:09:49.963Z",
                "retention_duration_seconds": 604800
              }
            ],
            "storage_class": "STANDARD",
            "terraform_labels": {},
            "timeouts": null,
            "uniform_bucket_level_access": false,
            "url": "gs://infra-sentinel-cloudshield-function",
            "versioning": [],
            "website": []
          },
          "sensitive_attributes": [],
          "private": "eyJlMmJmYjczMC1lY2FhLTExZTYtOGY4OC0zNDM2M2JjN2M0YzAiOnsiY3JlYXRlIjo2MDAwMDAwMDAwMDAsInJlYWQiOjI0MDAwMDAwMDAwMCwidXBkYXRlIjoyNDAwMDAwMDAwMDB9LCJzY2hlbWFfdmVyc2lvbiI6IjIifQ=="
        }
      ]
    }
  ],
  "check_results": null
}
